
Microsoft Visual Studio Solution File, Format Version 12.00
# Visual Studio Version 17
VisualStudioVersion = 17.4.33213.308
MinimumVisualStudioVersion = 10.0.40219.1
Project("{FAE04EC0-301F-11D3-BF4B-00C04F79EFBC}") = "inversao_de_nomes", "inversao_de_nomes\inversao_de_nomes.csproj", "{3A5F2988-6602-41C6-9E45-567CE6CC98FE}"
EndProject
Global
	GlobalSection(SolutionConfigurationPlatforms) = preSolution
		Debug|Any CPU = Debug|Any CPU
		Release|Any CPU = Release|Any CPU
	EndGlobalSection
	GlobalSection(ProjectConfigurationPlatforms) = postSolution
		{3A5F2988-6602-41C6-9E45-567CE6CC98FE}.Debug|Any CPU.ActiveCfg = Debug|Any CPU
		{3A5F2988-6602-41C6-9E45-567CE6CC98FE}.Debug|Any CPU.Build.0 = Debug|Any CPU
		{3A5F2988-6602-41C6-9E45-567CE6CC98FE}.Release|Any CPU.ActiveCfg = Release|Any CPU
		{3A5F2988-6602-41C6-9E45-567CE6CC98FE}.Release|Any CPU.Build.0 = Release|Any CPU
	EndGlobalSection
	GlobalSection(SolutionProperties) = preSolution
		HideSolutionNode = FALSE
	EndGlobalSection
	GlobalSection(ExtensibilityGlobals) = postSolution
		SolutionGuid = {5B3F74D1-317B-4985-AC6E-42551AF396B9}
	EndGlobalSection
EndGlobal
